// !$*UTF8*$!
{
	archiveVersion = 1;
	classes = {
	};
	objectVersion = 51;
	objects = {

/* Begin PBXBuildFile section */
		B81DBD5E94E66AECE33E6D0D /* Pods_FlixApp.framework in Frameworks */ = {isa = PBXBuildFile; fileRef = 826A578909281BFE5B583636 /* Pods_FlixApp.framework */; };
		E33912CB250E9BD200F9EB5A /* MovieDetailsViewController.swift in Sources */ = {isa = PBXBuildFile; fileRef = E33912CA250E9BD200F9EB5A /* MovieDetailsViewController.swift */; };
		E33912CD250F6BB200F9EB5A /* MovieGridViewController.swift in Sources */ = {isa = PBXBuildFile; fileRef = E33912CC250F6BB200F9EB5A /* MovieGridViewController.swift */; };
		E33912CF250F836700F9EB5A /* MovieGridCell.swift in Sources */ = {isa = PBXBuildFile; fileRef = E33912CE250F836600F9EB5A /* MovieGridCell.swift */; };
		E383F86524FEF316006A4351 /* AppDelegate.swift in Sources */ = {isa = PBXBuildFile; fileRef = E383F86424FEF316006A4351 /* AppDelegate.swift */; };
		E383F86724FEF316006A4351 /* SceneDelegate.swift in Sources */ = {isa = PBXBuildFile; fileRef = E383F86624FEF316006A4351 /* SceneDelegate.swift */; };
		E383F86C24FEF316006A4351 /* Main.storyboard in Resources */ = {isa = PBXBuildFile; fileRef = E383F86A24FEF316006A4351 /* Main.storyboard */; };
		E383F86E24FEF31C006A4351 /* Assets.xcassets in Resources */ = {isa = PBXBuildFile; fileRef = E383F86D24FEF31C006A4351 /* Assets.xcassets */; };
		E383F87124FEF31C006A4351 /* LaunchScreen.storyboard in Resources */ = {isa = PBXBuildFile; fileRef = E383F86F24FEF31C006A4351 /* LaunchScreen.storyboard */; };
		E383F87924FEF6FE006A4351 /* MoviesViewController.swift in Sources */ = {isa = PBXBuildFile; fileRef = E383F87824FEF6FE006A4351 /* MoviesViewController.swift */; };
		E383F89B25009C40006A4351 /* MovieCell.swift in Sources */ = {isa = PBXBuildFile; fileRef = E383F89A25009C40006A4351 /* MovieCell.swift */; };
/* End PBXBuildFile section */

/* Begin PBXFileReference section */
		55555DE5146825FC760E4287 /* Pods-FlixApp.release.xcconfig */ = {isa = PBXFileReference; includeInIndex = 1; lastKnownFileType = text.xcconfig; name = "Pods-FlixApp.release.xcconfig"; path = "Target Support Files/Pods-FlixApp/Pods-FlixApp.release.xcconfig"; sourceTree = "<group>"; };
		826A578909281BFE5B583636 /* Pods_FlixApp.framework */ = {isa = PBXFileReference; explicitFileType = wrapper.framework; includeInIndex = 0; path = Pods_FlixApp.framework; sourceTree = BUILT_PRODUCTS_DIR; };
		92826EDD92AB56FA61334793 /* Pods-FlixApp.debug.xcconfig */ = {isa = PBXFileReference; includeInIndex = 1; lastKnownFileType = text.xcconfig; name = "Pods-FlixApp.debug.xcconfig"; path = "Target Support Files/Pods-FlixApp/Pods-FlixApp.debug.xcconfig"; sourceTree = "<group>"; };
		E33912CA250E9BD200F9EB5A /* MovieDetailsViewController.swift */ = {isa = PBXFileReference; lastKnownFileType = sourcecode.swift; path = MovieDetailsViewController.swift; sourceTree = "<group>"; };
		E33912CC250F6BB200F9EB5A /* MovieGridViewController.swift */ = {isa = PBXFileReference; lastKnownFileType = sourcecode.swift; path = MovieGridViewController.swift; sourceTree = "<group>"; };
		E33912CE250F836600F9EB5A /* MovieGridCell.swift */ = {isa = PBXFileReference; lastKnownFileType = sourcecode.swift; path = MovieGridCell.swift; sourceTree = "<group>"; };
		E383F86124FEF316006A4351 /* FlixApp.app */ = {isa = PBXFileReference; explicitFileType = wrapper.application; includeInIndex = 0; path = FlixApp.app; sourceTree = BUILT_PRODUCTS_DIR; };
		E383F86424FEF316006A4351 /* AppDelegate.swift */ = {isa = PBXFileReference; lastKnownFileType = sourcecode.swift; path = AppDelegate.swift; sourceTree = "<group>"; };
		E383F86624FEF316006A4351 /* SceneDelegate.swift */ = {isa = PBXFileReference; lastKnownFileType = sourcecode.swift; path = SceneDelegate.swift; sourceTree = "<group>"; };
		E383F86B24FEF316006A4351 /* Base */ = {isa = PBXFileReference; lastKnownFileType = file.storyboard; name = Base; path = Base.lproj/Main.storyboard; sourceTree = "<group>"; };
		E383F86D24FEF31C006A4351 /* Assets.xcassets */ = {isa = PBXFileReference; lastKnownFileType = folder.assetcatalog; path = Assets.xcassets; sourceTree = "<group>"; };
		E383F87024FEF31C006A4351 /* Base */ = {isa = PBXFileReference; lastKnownFileType = file.storyboard; name = Base; path = Base.lproj/LaunchScreen.storyboard; sourceTree = "<group>"; };
		E383F87224FEF31C006A4351 /* Info.plist */ = {isa = PBXFileReference; lastKnownFileType = text.plist.xml; path = Info.plist; sourceTree = "<group>"; };
		E383F87824FEF6FE006A4351 /* MoviesViewController.swift */ = {isa = PBXFileReference; lastKnownFileType = sourcecode.swift; path = MoviesViewController.swift; sourceTree = "<group>"; };
		E383F89A25009C40006A4351 /* MovieCell.swift */ = {isa = PBXFileReference; lastKnownFileType = sourcecode.swift; path = MovieCell.swift; sourceTree = "<group>"; };
/* End PBXFileReference section */

/* Begin PBXFrameworksBuildPhase section */
		E383F85E24FEF316006A4351 /* Frameworks */ = {
			isa = PBXFrameworksBuildPhase;
			buildActionMask = 2147483647;
			files = (
				B81DBD5E94E66AECE33E6D0D /* Pods_FlixApp.framework in Frameworks */,
			);
			runOnlyForDeploymentPostprocessing = 0;
		};
/* End PBXFrameworksBuildPhase section */

/* Begin PBXGroup section */
		3977E0E31249DD398B360A5E /* Pods */ = {
			isa = PBXGroup;
			children = (
				92826EDD92AB56FA61334793 /* Pods-FlixApp.debug.xcconfig */,
				55555DE5146825FC760E4287 /* Pods-FlixApp.release.xcconfig */,
			);
			path = Pods;
			sourceTree = "<group>";
		};
		896E02911EF57D29DABD1ED0 /* Frameworks */ = {
			isa = PBXGroup;
			children = (
				826A578909281BFE5B583636 /* Pods_FlixApp.framework */,
			);
			name = Frameworks;
			sourceTree = "<group>";
		};
		E383F85824FEF316006A4351 = {
			isa = PBXGroup;
			children = (
				E383F86324FEF316006A4351 /* FlixApp */,
				E383F86224FEF316006A4351 /* Products */,
				3977E0E31249DD398B360A5E /* Pods */,
				896E02911EF57D29DABD1ED0 /* Frameworks */,
			);
			sourceTree = "<group>";
		};
		E383F86224FEF316006A4351 /* Products */ = {
			isa = PBXGroup;
			children = (
				E383F86124FEF316006A4351 /* FlixApp.app */,
			);
			name = Products;
			sourceTree = "<group>";
		};
		E383F86324FEF316006A4351 /* FlixApp */ = {
			isa = PBXGroup;
			children = (
				E383F86424FEF316006A4351 /* AppDelegate.swift */,
				E383F86624FEF316006A4351 /* SceneDelegate.swift */,
				E383F86A24FEF316006A4351 /* Main.storyboard */,
				E383F89A25009C40006A4351 /* MovieCell.swift */,
				E383F86D24FEF31C006A4351 /* Assets.xcassets */,
				E383F86F24FEF31C006A4351 /* LaunchScreen.storyboard */,
				E383F87824FEF6FE006A4351 /* MoviesViewController.swift */,
				E383F87224FEF31C006A4351 /* Info.plist */,
				E33912CA250E9BD200F9EB5A /* MovieDetailsViewController.swift */,
				E33912CC250F6BB200F9EB5A /* MovieGridViewController.swift */,
				E33912CE250F836600F9EB5A /* MovieGridCell.swift */,
			);
			path = FlixApp;
			sourceTree = "<group>";
		};
/* End PBXGroup section */

/* Begin PBXNativeTarget section */
		E383F86024FEF316006A4351 /* FlixApp */ = {
			isa = PBXNativeTarget;
			buildConfigurationList = E383F87524FEF31C006A4351 /* Build configuration list for PBXNativeTarget "FlixApp" */;
			buildPhases = (
				C20BC9F22E4D916FADBDA7CD /* [CP] Check Pods Manifest.lock */,
				E383F85D24FEF316006A4351 /* Sources */,
				E383F85E24FEF316006A4351 /* Frameworks */,
				E383F85F24FEF316006A4351 /* Resources */,
				315BCD1167BEA3D8D6CAF92F /* [CP] Embed Pods Frameworks */,
			);
			buildRules = (
			);
			dependencies = (
			);
			name = FlixApp;
			productName = FlixApp;
			productReference = E383F86124FEF316006A4351 /* FlixApp.app */;
			productType = "com.apple.product-type.application";
		};
/* End PBXNativeTarget section */

/* Begin PBXProject section */
		E383F85924FEF316006A4351 /* Project object */ = {
			isa = PBXProject;
			attributes = {
				LastSwiftUpdateCheck = 1160;
				LastUpgradeCheck = 1160;
				ORGANIZATIONNAME = "Cristopher Cruz";
				TargetAttributes = {
					E383F86024FEF316006A4351 = {
						CreatedOnToolsVersion = 11.6;
					};
				};
			};
			buildConfigurationList = E383F85C24FEF316006A4351 /* Build configuration list for PBXProject "FlixApp" */;
			compatibilityVersion = "Xcode 9.3";
			developmentRegion = en;
			hasScannedForEncodings = 0;
			knownRegions = (
				en,
				Base,
			);
			mainGroup = E383F85824FEF316006A4351;
			productRefGroup = E383F86224FEF316006A4351 /* Products */;
			projectDirPath = "";
			projectRoot = "";
			targets = (
				E383F86024FEF316006A4351 /* FlixApp */,
			);
		};
/* End PBXProject section */

/* Begin PBXResourcesBuildPhase section */
		E383F85F24FEF316006A4351 /* Resources */ = {
			isa = PBXResourcesBuildPhase;
			buildActionMask = 2147483647;
			files = (
				E383F87124FEF31C006A4351 /* LaunchScreen.storyboard in Resources */,
				E383F86E24FEF31C006A4351 /* Assets.xcassets in Resources */,
				E383F86C24FEF316006A4351 /* Main.storyboard in Resources */,
			);
			runOnlyForDeploymentPostprocessing = 0;
		};
/* End PBXResourcesBuildPhase section */

/* Begin PBXShellScriptBuildPhase section */
		315BCD1167BEA3D8D6CAF92F /* [CP] Embed Pods Frameworks */ = {
			isa = PBXShellScriptBuildPhase;
			buildActionMask = 2147483647;
			files = (
			);
			inputFileListPaths = (
				"${PODS_ROOT}/Target Support Files/Pods-FlixApp/Pods-FlixApp-frameworks-${CONFIGURATION}-input-files.xcfilelist",
			);
			name = "[CP] Embed Pods Frameworks";
			outputFileListPaths = (
				"${PODS_ROOT}/Target Support Files/Pods-FlixApp/Pods-FlixApp-frameworks-${CONFIGURATION}-output-files.xcfilelist",
			);
			runOnlyForDeploymentPostprocessing = 0;
			shellPath = /bin/sh;
			shellScript = "\"${PODS_ROOT}/Target Support Files/Pods-FlixApp/Pods-FlixApp-frameworks.sh\"\n";
			showEnvVarsInLog = 0;
		};
		C20BC9F22E4D916FADBDA7CD /* [CP] Check Pods Manifest.lock */ = {
			isa = PBXShellScriptBuildPhase;
			buildActionMask = 2147483647;
			files = (
			);
			inputFileListPaths = (
			);
			inputPaths = (
				"${PODS_PODFILE_DIR_PATH}/Podfile.lock",
				"${PODS_ROOT}/Manifest.lock",
			);
			name = "[CP] Check Pods Manifest.lock";
			outputFileListPaths = (
			);
			outputPaths = (
				"$(DERIVED_FILE_DIR)/Pods-FlixApp-checkManifestLockResult.txt",
			);
			runOnlyForDeploymentPostprocessing = 0;
			shellPath = /bin/sh;
			shellScript = "diff \"${PODS_PODFILE_DIR_PATH}/Podfile.lock\" \"${PODS_ROOT}/Manifest.lock\" > /dev/null\nif [ $? != 0 ] ; then\n    # print error to STDERR\n    echo \"error: The sandbox is not in sync with the Podfile.lock. Run 'pod install' or update your CocoaPods installation.\" >&2\n    exit 1\nfi\n# This output is used by Xcode 'outputs' to avoid re-running this script phase.\necho \"SUCCESS\" > \"${SCRIPT_OUTPUT_FILE_0}\"\n";
			showEnvVarsInLog = 0;
		};
/* End PBXShellScriptBuildPhase section */

/* Begin PBXSourcesBuildPhase section */
		E383F85D24FEF316006A4351 /* Sources */ = {
			isa = PBXSourcesBuildPhase;
			buildActionMask = 2147483647;
			files = (
				E33912CB250E9BD200F9EB5A /* MovieDetailsViewController.swift in Sources */,
				E383F86524FEF316006A4351 /* AppDelegate.swift in Sources */,
				E383F86724FEF316006A4351 /* SceneDelegate.swift in Sources */,
				E383F89B25009C40006A4351 /* MovieCell.swift in Sources */,
				E383F87924FEF6FE006A4351 /* MoviesViewController.swift in Sources */,
				E33912CD250F6BB200F9EB5A /* MovieGridViewController.swift in Sources */,
				E33912CF250F836700F9EB5A /* MovieGridCell.swift in Sources */,
			);
			runOnlyForDeploymentPostprocessing = 0;
		};
/* End PBXSourcesBuildPhase section */

/* Begin PBXVariantGroup section */
		E383F86A24FEF316006A4351 /* Main.storyboard */ = {
			isa = PBXVariantGroup;
			children = (
				E383F86B24FEF316006A4351 /* Base */,
			);
			name = Main.storyboard;
			sourceTree = "<group>";
		};
		E383F86F24FEF31C006A4351 /* LaunchScreen.storyboard */ = {
			isa = PBXVariantGroup;
			children = (
				E383F87024FEF31C006A4351 /* Base */,
			);
			name = LaunchScreen.storyboard;
			sourceTree = "<group>";
		};
/* End PBXVariantGroup section */

/* Begin XCBuildConfiguration section */
		E383F87324FEF31C006A4351 /* Debug */ = {
			isa = XCBuildConfiguration;
			buildSettings = {
				ALWAYS_SEARCH_USER_PATHS = NO;
				CLANG_ANALYZER_NONNULL = YES;
				CLANG_ANALYZER_NUMBER_OBJECT_CONVERSION = YES_AGGRESSIVE;
				CLANG_CXX_LANGUAGE_STANDARD = "gnu++14";
				CLANG_CXX_LIBRARY = "libc++";
				CLANG_ENABLE_MODULES = YES;
				CLANG_ENABLE_OBJC_ARC = YES;
				CLANG_ENABLE_OBJC_WEAK = YES;
				CLANG_WARN_BLOCK_CAPTURE_AUTORELEASING = YES;
				CLANG_WARN_BOOL_CONVERSION = YES;
				CLANG_WARN_COMMA = YES;
				CLANG_WARN_CONSTANT_CONVERSION = YES;
				CLANG_WARN_DEPRECATED_OBJC_IMPLEMENTATIONS = YES;
				CLANG_WARN_DIRECT_OBJC_ISA_USAGE = YES_ERROR;
				CLANG_WARN_DOCUMENTATION_COMMENTS = YES;
				CLANG_WARN_EMPTY_BODY = YES;
				CLANG_WARN_ENUM_CONVERSION = YES;
				CLANG_WARN_INFINITE_RECURSION = YES;
				CLANG_WARN_INT_CONVERSION = YES;
				CLANG_WARN_NON_LITERAL_NULL_CONVERSION = YES;
				CLANG_WARN_OBJC_IMPLICIT_RETAIN_SELF = YES;
				CLANG_WARN_OBJC_LITERAL_CONVERSION = YES;
				CLANG_WARN_OBJC_ROOT_CLASS = YES_ERROR;
				CLANG_WARN_RANGE_LOOP_ANALYSIS = YES;
				CLANG_WARN_STRICT_PROTOTYPES = YES;
				CLANG_WARN_SUSPICIOUS_MOVE = YES;
				CLANG_WARN_UNGUARDED_AVAILABILITY = YES_AGGRESSIVE;
				CLANG_WARN_UNREACHABLE_CODE = YES;
				CLANG_WARN__DUPLICATE_METHOD_MATCH = YES;
				COPY_PHASE_STRIP = NO;
				DEBUG_INFORMATION_FORMAT = dwarf;
				ENABLE_STRICT_OBJC_MSGSEND = YES;
				ENABLE_TESTABILITY = YES;
				GCC_C_LANGUAGE_STANDARD = gnu11;
				GCC_DYNAMIC_NO_PIC = NO;
				GCC_NO_COMMON_BLOCKS = YES;
				GCC_OPTIMIZATION_LEVEL = 0;
				GCC_PREPROCESSOR_DEFINITIONS = (
					"DEBUG=1",
					"$(inherited)",
				);
				GCC_WARN_64_TO_32_BIT_CONVERSION = YES;
				GCC_WARN_ABOUT_RETURN_TYPE = YES_ERROR;
				GCC_WARN_UNDECLARED_SELECTOR = YES;
				GCC_WARN_UNINITIALIZED_AUTOS = YES_AGGRESSIVE;
				GCC_WARN_UNUSED_FUNCTION = YES;
				GCC_WARN_UNUSED_VARIABLE = YES;
				IPHONEOS_DEPLOYMENT_TARGET = 13.6;
				MTL_ENABLE_DEBUG_INFO = INCLUDE_SOURCE;
				MTL_FAST_MATH = YES;
				ONLY_ACTIVE_ARCH = YES;
				SDKROOT = iphoneos;
				SWIFT_ACTIVE_COMPILATION_CONDITIONS = DEBUG;
				SWIFT_OPTIMIZATION_LEVEL = "-Onone";
			};
			name = Debug;
		};
		E383F87424FEF31C006A4351 /* Release */ = {
			isa = XCBuildConfiguration;
			buildSettings = {
				ALWAYS_SEARCH_USER_PATHS = NO;
				CLANG_ANALYZER_NONNULL = YES;
				CLANG_ANALYZER_NUMBER_OBJECT_CONVERSION = YES_AGGRESSIVE;
				CLANG_CXX_LANGUAGE_STANDARD = "gnu++14";
				CLANG_CXX_LIBRARY = "libc++";
				CLANG_ENABLE_MODULES = YES;
				CLANG_ENABLE_OBJC_ARC = YES;
				CLANG_ENABLE_OBJC_WEAK = YES;
				CLANG_WARN_BLOCK_CAPTURE_AUTORELEASING = YES;
				CLANG_WARN_BOOL_CONVERSION = YES;
				CLANG_WARN_COMMA = YES;
				CLANG_WARN_CONSTANT_CONVERSION = YES;
				CLANG_WARN_DEPRECATED_OBJC_IMPLEMENTATIONS = YES;
				CLANG_WARN_DIRECT_OBJC_ISA_USAGE = YES_ERROR;
				CLANG_WARN_DOCUMENTATION_COMMENTS = YES;
				CLANG_WARN_EMPTY_BODY = YES;
				CLANG_WARN_ENUM_CONVERSION = YES;
				CLANG_WARN_INFINITE_RECURSION = YES;
				CLANG_WARN_INT_CONVERSION = YES;
				CLANG_WARN_NON_LITERAL_NULL_CONVERSION = YES;
				CLANG_WARN_OBJC_IMPLICIT_RETAIN_SELF = YES;
				CLANG_WARN_OBJC_LITERAL_CONVERSION = YES;
				CLANG_WARN_OBJC_ROOT_CLASS = YES_ERROR;
				CLANG_WARN_RANGE_LOOP_ANALYSIS = YES;
				CLANG_WARN_STRICT_PROTOTYPES = YES;
				CLANG_WARN_SUSPICIOUS_MOVE = YES;
				CLANG_WARN_UNGUARDED_AVAILABILITY = YES_AGGRESSIVE;
				CLANG_WARN_UNREACHABLE_CODE = YES;
				CLANG_WARN__DUPLICATE_METHOD_MATCH = YES;
				COPY_PHASE_STRIP = NO;
				DEBUG_INFORMATION_FORMAT = "dwarf-with-dsym";
				ENABLE_NS_ASSERTIONS = NO;
				ENABLE_STRICT_OBJC_MSGSEND = YES;
				GCC_C_LANGUAGE_STANDARD = gnu11;
				GCC_NO_COMMON_BLOCKS = YES;
				GCC_WARN_64_TO_32_BIT_CONVERSION = YES;
				GCC_WARN_ABOUT_RETURN_TYPE = YES_ERROR;
				GCC_WARN_UNDECLARED_SELECTOR = YES;
				GCC_WARN_UNINITIALIZED_AUTOS = YES_AGGRESSIVE;
				GCC_WARN_UNUSED_FUNCTION = YES;
				GCC_WARN_UNUSED_VARIABLE = YES;
				IPHONEOS_DEPLOYMENT_TARGET = 13.6;
				MTL_ENABLE_DEBUG_INFO = NO;
				MTL_FAST_MATH = YES;
				SDKROOT = iphoneos;
				SWIFT_COMPILATION_MODE = wholemodule;
				SWIFT_OPTIMIZATION_LEVEL = "-O";
				VALIDATE_PRODUCT = YES;
			};
			name = Release;
		};
		E383F87624FEF31C006A4351 /* Debug */ = {
			isa = XCBuildConfiguration;
			baseConfigurationReference = 92826EDD92AB56FA61334793 /* Pods-FlixApp.debug.xcconfig */;
			buildSettings = {
				ASSETCATALOG_COMPILER_APPICON_NAME = AppIcon;
				CODE_SIGN_STYLE = Automatic;
				DEVELOPMENT_TEAM = MHP42VF28G;
				INFOPLIST_FILE = FlixApp/Info.plist;
				LD_RUNPATH_SEARCH_PATHS = (
					"$(inherited)",
					"@executable_path/Frameworks",
				);
				PRODUCT_BUNDLE_IDENTIFIER = FlixApp.FlixApp;
				PRODUCT_NAME = "$(TARGET_NAME)";
				SWIFT_VERSION = 5.0;
				TARGETED_DEVICE_FAMILY = "1,2";
			};
			name = Debug;
		};
		E383F87724FEF31C006A4351 /* Release */ = {
			isa = XCBuildConfiguration;
			baseConfigurationReference = 55555DE5146825FC760E4287 /* Pods-FlixApp.release.xcconfig */;
			buildSettings = {
				ASSETCATALOG_COMPILER_APPICON_NAME = AppIcon;
				CODE_SIGN_STYLE = Automatic;
				DEVELOPMENT_TEAM = MHP42VF28G;
				INFOPLIST_FILE = FlixApp/Info.plist;
				LD_RUNPATH_SEARCH_PATHS = (
					"$(inherited)",
					"@executable_path/Frameworks",
				);
				PRODUCT_BUNDLE_IDENTIFIER = FlixApp.FlixApp;
				PRODUCT_NAME = "$(TARGET_NAME)";
				SWIFT_VERSION = 5.0;
				TARGETED_DEVICE_FAMILY = "1,2";
			};
			name = Release;
		};
/* End XCBuildConfiguration section */

/* Begin XCConfigurationList section */
		E383F85C24FEF316006A4351 /* Build configuration list for PBXProject "FlixApp" */ = {
			isa = XCConfigurationList;
			buildConfigurations = (
				E383F87324FEF31C006A4351 /* Debug */,
				E383F87424FEF31C006A4351 /* Release */,
			);
			defaultConfigurationIsVisible = 0;
			defaultConfigurationName = Release;
		};
		E383F87524FEF31C006A4351 /* Build configuration list for PBXNativeTarget "FlixApp" */ = {
			isa = XCConfigurationList;
			buildConfigurations = (
				E383F87624FEF31C006A4351 /* Debug */,
				E383F87724FEF31C006A4351 /* Release */,
			);
			defaultConfigurationIsVisible = 0;
			defaultConfigurationName = Release;
		};
/* End XCConfigurationList section */
	};
	rootObject = E383F85924FEF316006A4351 /* Project object */;
}
